
Microsoft Visual Studio Solution File, Format Version 12.00
# Visual Studio Version 17
VisualStudioVersion = 17.0.31903.59
MinimumVisualStudioVersion = 10.0.40219.1
Project("{FAE04EC0-301F-11D3-BF4B-00C04F79EFBC}") = "TubeManager.API", "TubeManager.API\TubeManager.API.csproj", "{0CFEBA80-2EF3-4A9E-8C5A-321D36BF0EF6}"
EndProject
Project("{FAE04EC0-301F-11D3-BF4B-00C04F79EFBC}") = "TubeManager.Tests", "TubeManager.Tests\TubeManager.Tests.csproj", "{4F0B0965-576C-4773-87BD-DE49B9671946}"
EndProject
Global
	GlobalSection(SolutionConfigurationPlatforms) = preSolution
		Debug|Any CPU = Debug|Any CPU
		Release|Any CPU = Release|Any CPU
	EndGlobalSection
	GlobalSection(SolutionProperties) = preSolution
		HideSolutionNode = FALSE
	EndGlobalSection
	GlobalSection(ProjectConfigurationPlatforms) = postSolution
		{0CFEBA80-2EF3-4A9E-8C5A-321D36BF0EF6}.Debug|Any CPU.ActiveCfg = Debug|Any CPU
		{0CFEBA80-2EF3-4A9E-8C5A-321D36BF0EF6}.Debug|Any CPU.Build.0 = Debug|Any CPU
		{0CFEBA80-2EF3-4A9E-8C5A-321D36BF0EF6}.Release|Any CPU.ActiveCfg = Release|Any CPU
		{0CFEBA80-2EF3-4A9E-8C5A-321D36BF0EF6}.Release|Any CPU.Build.0 = Release|Any CPU
		{4F0B0965-576C-4773-87BD-DE49B9671946}.Debug|Any CPU.ActiveCfg = Debug|Any CPU
		{4F0B0965-576C-4773-87BD-DE49B9671946}.Debug|Any CPU.Build.0 = Debug|Any CPU
		{4F0B0965-576C-4773-87BD-DE49B9671946}.Release|Any CPU.ActiveCfg = Release|Any CPU
		{4F0B0965-576C-4773-87BD-DE49B9671946}.Release|Any CPU.Build.0 = Release|Any CPU
	EndGlobalSection
EndGlobal
